lockfileVersion: '9.0'

settings:
  autoInstallPeers: true
  excludeLinksFromLockfile: false

importers:

  .:
    dependencies:
      '@total-typescript/ts-reset':
        specifier: ^0.5.1
        version: 0.5.1
      '@total-typescript/tsconfig':
        specifier: ^1.0.4
        version: 1.0.4
      '@tsconfig/strictest':
        specifier: ^2.0.5
        version: 2.0.5

packages:

  '@total-typescript/ts-reset@0.5.1':
    resolution: {integrity: sha512-AqlrT8YA1o7Ff5wPfMOL0pvL+1X+sw60NN6CcOCqs658emD6RfiXhF7Gu9QcfKBH7ELY2nInLhKSCWVoNL70MQ==}

  '@total-typescript/tsconfig@1.0.4':
    resolution: {integrity: sha512-fO4ctMPGz1kOFOQ4RCPBRBfMy3gDn+pegUfrGyUFRMv/Rd0ZM3/SHH3hFCYG4u6bPLG8OlmOGcBLDexvyr3A5w==}

  '@tsconfig/strictest@2.0.5':
    resolution: {integrity: sha512-ec4tjL2Rr0pkZ5hww65c+EEPYwxOi4Ryv+0MtjeaSQRJyq322Q27eOQiFbuNgw2hpL4hB1/W/HBGk3VKS43osg==}

snapshots:

  '@total-typescript/ts-reset@0.5.1': {}

  '@total-typescript/tsconfig@1.0.4': {}

  '@tsconfig/strictest@2.0.5': {}
